
Microsoft Visual Studio Solution File, Format Version 12.00
# Visual Studio Version 16
VisualStudioVersion = 16.0.30523.141
MinimumVisualStudioVersion = 10.0.40219.1
Project("{FAE04EC0-301F-11D3-BF4B-00C04F79EFBC}") = "AesPasswordSystem", "AesPasswordSystem\AesPasswordSystem.csproj", "{98941A0B-503F-4F9D-8C42-A0DF61A28DA8}"
EndProject
Global
	GlobalSection(SolutionConfigurationPlatforms) = preSolution
		Debug|Any CPU = Debug|Any CPU
		Release|Any CPU = Release|Any CPU
	EndGlobalSection
	GlobalSection(ProjectConfigurationPlatforms) = postSolution
		{98941A0B-503F-4F9D-8C42-A0DF61A28DA8}.Debug|Any CPU.ActiveCfg = Debug|Any CPU
		{98941A0B-503F-4F9D-8C42-A0DF61A28DA8}.Debug|Any CPU.Build.0 = Debug|Any CPU
		{98941A0B-503F-4F9D-8C42-A0DF61A28DA8}.Release|Any CPU.ActiveCfg = Release|Any CPU
		{98941A0B-503F-4F9D-8C42-A0DF61A28DA8}.Release|Any CPU.Build.0 = Release|Any CPU
	EndGlobalSection
	GlobalSection(SolutionProperties) = preSolution
		HideSolutionNode = FALSE
	EndGlobalSection
	GlobalSection(ExtensibilityGlobals) = postSolution
		SolutionGuid = {66F91569-033D-46A3-9646-905A889C8A18}
	EndGlobalSection
EndGlobal
